dependencies:
- name: elasticsearch
  repository: https://helm.elastic.co
  version: 7.17.3
- name: logstash
  repository: https://helm.elastic.co
  version: 7.17.3
- name: postgresql
  repository: https://charts.bitnami.com/bitnami
  version: 18.8.17
digest: sha256:7e467b43d5674e264ddf43ef84efd312fe6a41e3d3a69e36860d3f381343b0d0
generated: "2026-09-11T22:50:29.7037421+05:30"
